
Microsoft Visual Studio Solution File, Format Version 12.00
# Visual Studio Version 17
VisualStudioVersion = 17.14.36301.6
MinimumVisualStudioVersion = 10.0.40219.1
Project("{FAE04EC0-301F-11D3-BF4B-00C04F79EFBC}") = "ChoiceHub.API", "ChoiceHub.API\ChoiceHub.API.csproj", "{D5375229-5E89-471D-AB1E-D2C7BCFADB82}"
EndProject
Project("{FAE04EC0-301F-11D3-BF4B-00C04F79EFBC}") = "ChoiceHub.Application", "ChoiceHub.Application\ChoiceHub.Application.csproj", "{C785C7F2-6B4E-4A54-8767-D0B9B6701E0A}"
EndProject
Project("{FAE04EC0-301F-11D3-BF4B-00C04F79EFBC}") = "ChoiceHub.Domain", "ChoiceHub.Domain\ChoiceHub.Domain.csproj", "{7722C8FD-E6B5-45A7-9B2B-2DDC36C4B9DC}"
EndProject
Project("{FAE04EC0-301F-11D3-BF4B-00C04F79EFBC}") = "ChoiceHub.Infrastructure", "ChoiceHub.Infrastructure\ChoiceHub.Infrastructure.csproj", "{55D6BAFC-89F6-42F5-A659-E9C70126A3F0}"
EndProject
Global
	GlobalSection(SolutionConfigurationPlatforms) = preSolution
		Debug|Any CPU = Debug|Any CPU
		Release|Any CPU = Release|Any CPU
	EndGlobalSection
	GlobalSection(ProjectConfigurationPlatforms) = postSolution
		{D5375229-5E89-471D-AB1E-D2C7BCFADB82}.Debug|Any CPU.ActiveCfg = Debug|Any CPU
		{D5375229-5E89-471D-AB1E-D2C7BCFADB82}.Debug|Any CPU.Build.0 = Debug|Any CPU
		{D5375229-5E89-471D-AB1E-D2C7BCFADB82}.Release|Any CPU.ActiveCfg = Release|Any CPU
		{D5375229-5E89-471D-AB1E-D2C7BCFADB82}.Release|Any CPU.Build.0 = Release|Any CPU
		{C785C7F2-6B4E-4A54-8767-D0B9B6701E0A}.Debug|Any CPU.ActiveCfg = Debug|Any CPU
		{C785C7F2-6B4E-4A54-8767-D0B9B6701E0A}.Debug|Any CPU.Build.0 = Debug|Any CPU
		{C785C7F2-6B4E-4A54-8767-D0B9B6701E0A}.Release|Any CPU.ActiveCfg = Release|Any CPU
		{C785C7F2-6B4E-4A54-8767-D0B9B6701E0A}.Release|Any CPU.Build.0 = Release|Any CPU
		{7722C8FD-E6B5-45A7-9B2B-2DDC36C4B9DC}.Debug|Any CPU.ActiveCfg = Debug|Any CPU
		{7722C8FD-E6B5-45A7-9B2B-2DDC36C4B9DC}.Debug|Any CPU.Build.0 = Debug|Any CPU
		{7722C8FD-E6B5-45A7-9B2B-2DDC36C4B9DC}.Release|Any CPU.ActiveCfg = Release|Any CPU
		{7722C8FD-E6B5-45A7-9B2B-2DDC36C4B9DC}.Release|Any CPU.Build.0 = Release|Any CPU
		{55D6BAFC-89F6-42F5-A659-E9C70126A3F0}.Debug|Any CPU.ActiveCfg = Debug|Any CPU
		{55D6BAFC-89F6-42F5-A659-E9C70126A3F0}.Debug|Any CPU.Build.0 = Debug|Any CPU
		{55D6BAFC-89F6-42F5-A659-E9C70126A3F0}.Release|Any CPU.ActiveCfg = Release|Any CPU
		{55D6BAFC-89F6-42F5-A659-E9C70126A3F0}.Release|Any CPU.Build.0 = Release|Any CPU
	EndGlobalSection
	GlobalSection(SolutionProperties) = preSolution
		HideSolutionNode = FALSE
	EndGlobalSection
	GlobalSection(ExtensibilityGlobals) = postSolution
		SolutionGuid = {68DEFE5B-E95B-46DE-83BD-F5EDF6EDBEEB}
	EndGlobalSection
EndGlobal
